
Microsoft Visual Studio Solution File, Format Version 12.00
# Visual Studio 2013
VisualStudioVersion = 12.0.30501.0
MinimumVisualStudioVersion = 10.0.40219.1
Project("{FAE04EC0-301F-11D3-BF4B-00C04F79EFBC}") = "Diffables", "Diffables.csproj", "{A17F2A2D-B0B7-4FDC-AB4F-2192E98E2BEB}"
EndProject
Project("{FAE04EC0-301F-11D3-BF4B-00C04F79EFBC}") = "Diffables.Tests", "..\Diffables.Tests\Diffables.Tests.csproj", "{9CE61645-2B0B-41DB-A141-1B6B5D66E41E}"
EndProject
Global
	GlobalSection(SolutionConfigurationPlatforms) = preSolution
		Debug|Any CPU = Debug|Any CPU
		Release|Any CPU = Release|Any CPU
	EndGlobalSection
	GlobalSection(ProjectConfigurationPlatforms) = postSolution
		{A17F2A2D-B0B7-4FDC-AB4F-2192E98E2BEB}.Debug|Any CPU.ActiveCfg = Debug|Any CPU
		{A17F2A2D-B0B7-4FDC-AB4F-2192E98E2BEB}.Debug|Any CPU.Build.0 = Debug|Any CPU
		{A17F2A2D-B0B7-4FDC-AB4F-2192E98E2BEB}.Release|Any CPU.ActiveCfg = Release|Any CPU
		{A17F2A2D-B0B7-4FDC-AB4F-2192E98E2BEB}.Release|Any CPU.Build.0 = Release|Any CPU
		{9CE61645-2B0B-41DB-A141-1B6B5D66E41E}.Debug|Any CPU.ActiveCfg = Debug|Any CPU
		{9CE61645-2B0B-41DB-A141-1B6B5D66E41E}.Debug|Any CPU.Build.0 = Debug|Any CPU
		{9CE61645-2B0B-41DB-A141-1B6B5D66E41E}.Release|Any CPU.ActiveCfg = Release|Any CPU
		{9CE61645-2B0B-41DB-A141-1B6B5D66E41E}.Release|Any CPU.Build.0 = Release|Any CPU
	EndGlobalSection
	GlobalSection(SolutionProperties) = preSolution
		HideSolutionNode = FALSE
	EndGlobalSection
EndGlobal
